
Microsoft Visual Studio Solution File, Format Version 12.00
# Visual Studio 15
VisualStudioVersion = 15.0.26124.0
MinimumVisualStudioVersion = 15.0.26124.0
Project("{FAE04EC0-301F-11D3-BF4B-00C04F79EFBC}") = "Datos", "Datos\Datos.csproj", "{E2BE263E-154D-424C-B351-8A50332DBDD8}"
EndProject
Project("{FAE04EC0-301F-11D3-BF4B-00C04F79EFBC}") = "Entidad", "Entidad\Entidad.csproj", "{ACDF36FB-F49A-40CE-AC09-838FA439C08D}"
EndProject
Project("{FAE04EC0-301F-11D3-BF4B-00C04F79EFBC}") = "Logica", "Logica\Logica.csproj", "{F807D098-F394-4A6C-A1D2-9E4DE2DFD13C}"
EndProject
Project("{FAE04EC0-301F-11D3-BF4B-00C04F79EFBC}") = "PARCIAL_CORTE2_WEB", "ParcialVacuna\PARCIAL_CORTE2_WEB.csproj", "{74CF6FE6-A17A-4C8A-BC9D-D3A147A1A834}"
EndProject
Global
	GlobalSection(SolutionConfigurationPlatforms) = preSolution
		Debug|Any CPU = Debug|Any CPU
		Debug|x64 = Debug|x64
		Debug|x86 = Debug|x86
		Release|Any CPU = Release|Any CPU
		Release|x64 = Release|x64
		Release|x86 = Release|x86
	EndGlobalSection
	GlobalSection(SolutionProperties) = preSolution
		HideSolutionNode = FALSE
	EndGlobalSection
	GlobalSection(ProjectConfigurationPlatforms) = postSolution
		{E2BE263E-154D-424C-B351-8A50332DBDD8}.Debug|Any CPU.ActiveCfg = Debug|Any CPU
		{E2BE263E-154D-424C-B351-8A50332DBDD8}.Debug|Any CPU.Build.0 = Debug|Any CPU
		{E2BE263E-154D-424C-B351-8A50332DBDD8}.Debug|x64.ActiveCfg = Debug|Any CPU
		{E2BE263E-154D-424C-B351-8A50332DBDD8}.Debug|x64.Build.0 = Debug|Any CPU
		{E2BE263E-154D-424C-B351-8A50332DBDD8}.Debug|x86.ActiveCfg = Debug|Any CPU
		{E2BE263E-154D-424C-B351-8A50332DBDD8}.Debug|x86.Build.0 = Debug|Any CPU
		{E2BE263E-154D-424C-B351-8A50332DBDD8}.Release|Any CPU.ActiveCfg = Release|Any CPU
		{E2BE263E-154D-424C-B351-8A50332DBDD8}.Release|Any CPU.Build.0 = Release|Any CPU
		{E2BE263E-154D-424C-B351-8A50332DBDD8}.Release|x64.ActiveCfg = Release|Any CPU
		{E2BE263E-154D-424C-B351-8A50332DBDD8}.Release|x64.Build.0 = Release|Any CPU
		{E2BE263E-154D-424C-B351-8A50332DBDD8}.Release|x86.ActiveCfg = Release|Any CPU
		{E2BE263E-154D-424C-B351-8A50332DBDD8}.Release|x86.Build.0 = Release|Any CPU
		{ACDF36FB-F49A-40CE-AC09-838FA439C08D}.Debug|Any CPU.ActiveCfg = Debug|Any CPU
		{ACDF36FB-F49A-40CE-AC09-838FA439C08D}.Debug|Any CPU.Build.0 = Debug|Any CPU
		{ACDF36FB-F49A-40CE-AC09-838FA439C08D}.Debug|x64.ActiveCfg = Debug|Any CPU
		{ACDF36FB-F49A-40CE-AC09-838FA439C08D}.Debug|x64.Build.0 = Debug|Any CPU
		{ACDF36FB-F49A-40CE-AC09-838FA439C08D}.Debug|x86.ActiveCfg = Debug|Any CPU
		{ACDF36FB-F49A-40CE-AC09-838FA439C08D}.Debug|x86.Build.0 = Debug|Any CPU
		{ACDF36FB-F49A-40CE-AC09-838FA439C08D}.Release|Any CPU.ActiveCfg = Release|Any CPU
		{ACDF36FB-F49A-40CE-AC09-838FA439C08D}.Release|Any CPU.Build.0 = Release|Any CPU
		{ACDF36FB-F49A-40CE-AC09-838FA439C08D}.Release|x64.ActiveCfg = Release|Any CPU
		{ACDF36FB-F49A-40CE-AC09-838FA439C08D}.Release|x64.Build.0 = Release|Any CPU
		{ACDF36FB-F49A-40CE-AC09-838FA439C08D}.Release|x86.ActiveCfg = Release|Any CPU
		{ACDF36FB-F49A-40CE-AC09-838FA439C08D}.Release|x86.Build.0 = Release|Any CPU
		{F807D098-F394-4A6C-A1D2-9E4DE2DFD13C}.Debug|Any CPU.ActiveCfg = Debug|Any CPU
		{F807D098-F394-4A6C-A1D2-9E4DE2DFD13C}.Debug|Any CPU.Build.0 = Debug|Any CPU
		{F807D098-F394-4A6C-A1D2-9E4DE2DFD13C}.Debug|x64.ActiveCfg = Debug|Any CPU
		{F807D098-F394-4A6C-A1D2-9E4DE2DFD13C}.Debug|x64.Build.0 = Debug|Any CPU
		{F807D098-F394-4A6C-A1D2-9E4DE2DFD13C}.Debug|x86.ActiveCfg = Debug|Any CPU
		{F807D098-F394-4A6C-A1D2-9E4DE2DFD13C}.Debug|x86.Build.0 = Debug|Any CPU
		{F807D098-F394-4A6C-A1D2-9E4DE2DFD13C}.Release|Any CPU.ActiveCfg = Release|Any CPU
		{F807D098-F394-4A6C-A1D2-9E4DE2DFD13C}.Release|Any CPU.Build.0 = Release|Any CPU
		{F807D098-F394-4A6C-A1D2-9E4DE2DFD13C}.Release|x64.ActiveCfg = Release|Any CPU
		{F807D098-F394-4A6C-A1D2-9E4DE2DFD13C}.Release|x64.Build.0 = Release|Any CPU
		{F807D098-F394-4A6C-A1D2-9E4DE2DFD13C}.Release|x86.ActiveCfg = Release|Any CPU
		{F807D098-F394-4A6C-A1D2-9E4DE2DFD13C}.Release|x86.Build.0 = Release|Any CPU
		{74CF6FE6-A17A-4C8A-BC9D-D3A147A1A834}.Debug|Any CPU.ActiveCfg = Debug|Any CPU
		{74CF6FE6-A17A-4C8A-BC9D-D3A147A1A834}.Debug|Any CPU.Build.0 = Debug|Any CPU
		{74CF6FE6-A17A-4C8A-BC9D-D3A147A1A834}.Debug|x64.ActiveCfg = Debug|Any CPU
		{74CF6FE6-A17A-4C8A-BC9D-D3A147A1A834}.Debug|x64.Build.0 = Debug|Any CPU
		{74CF6FE6-A17A-4C8A-BC9D-D3A147A1A834}.Debug|x86.ActiveCfg = Debug|Any CPU
		{74CF6FE6-A17A-4C8A-BC9D-D3A147A1A834}.Debug|x86.Build.0 = Debug|Any CPU
		{74CF6FE6-A17A-4C8A-BC9D-D3A147A1A834}.Release|Any CPU.ActiveCfg = Release|Any CPU
		{74CF6FE6-A17A-4C8A-BC9D-D3A147A1A834}.Release|Any CPU.Build.0 = Release|Any CPU
		{74CF6FE6-A17A-4C8A-BC9D-D3A147A1A834}.Release|x64.ActiveCfg = Release|Any CPU
		{74CF6FE6-A17A-4C8A-BC9D-D3A147A1A834}.Release|x64.Build.0 = Release|Any CPU
		{74CF6FE6-A17A-4C8A-BC9D-D3A147A1A834}.Release|x86.ActiveCfg = Release|Any CPU
		{74CF6FE6-A17A-4C8A-BC9D-D3A147A1A834}.Release|x86.Build.0 = Release|Any CPU
	EndGlobalSection
EndGlobal
